
Microsoft Visual Studio Solution File, Format Version 12.00
# Visual Studio 2013
VisualStudioVersion = 12.0.40629.0
MinimumVisualStudioVersion = 10.0.40219.1
Project("{FAE04EC0-301F-11D3-BF4B-00C04F79EFBC}") = "GridProject", "GridProject\GridProject.csproj", "{E15A7F15-9F72-4178-933F-E50CCD708253}"
EndProject
Global
	GlobalSection(SolutionConfigurationPlatforms) = preSolution
		Debug|Any CPU = Debug|Any CPU
		Release|Any CPU = Release|Any CPU
	EndGlobalSection
	GlobalSection(ProjectConfigurationPlatforms) = postSolution
		{E15A7F15-9F72-4178-933F-E50CCD708253}.Debug|Any CPU.ActiveCfg = Debug|Any CPU
		{E15A7F15-9F72-4178-933F-E50CCD708253}.Debug|Any CPU.Build.0 = Debug|Any CPU
		{E15A7F15-9F72-4178-933F-E50CCD708253}.Release|Any CPU.ActiveCfg = Release|Any CPU
		{E15A7F15-9F72-4178-933F-E50CCD708253}.Release|Any CPU.Build.0 = Release|Any CPU
	EndGlobalSection
	GlobalSection(SolutionProperties) = preSolution
		HideSolutionNode = FALSE
	EndGlobalSection
EndGlobal
